
Microsoft Visual Studio Solution File, Format Version 12.00
# Visual Studio Version 17
VisualStudioVersion = 17.5.33530.505
MinimumVisualStudioVersion = 10.0.40219.1
Project("{FAE04EC0-301F-11D3-BF4B-00C04F79EFBC}") = "ITI_Project", "ITI_Project\ITI_Project.csproj", "{BF01F611-5C4F-468F-9FFB-AEB3CA8C2554}"
EndProject
Global
	GlobalSection(SolutionConfigurationPlatforms) = preSolution
		Debug|Any CPU = Debug|Any CPU
		Release|Any CPU = Release|Any CPU
	EndGlobalSection
	GlobalSection(ProjectConfigurationPlatforms) = postSolution
		{BF01F611-5C4F-468F-9FFB-AEB3CA8C2554}.Debug|Any CPU.ActiveCfg = Debug|Any CPU
		{BF01F611-5C4F-468F-9FFB-AEB3CA8C2554}.Debug|Any CPU.Build.0 = Debug|Any CPU
		{BF01F611-5C4F-468F-9FFB-AEB3CA8C2554}.Release|Any CPU.ActiveCfg = Release|Any CPU
		{BF01F611-5C4F-468F-9FFB-AEB3CA8C2554}.Release|Any CPU.Build.0 = Release|Any CPU
	EndGlobalSection
	GlobalSection(SolutionProperties) = preSolution
		HideSolutionNode = FALSE
	EndGlobalSection
	GlobalSection(ExtensibilityGlobals) = postSolution
		SolutionGuid = {02692454-8A01-4B2C-AF43-BF6470882BE1}
	EndGlobalSection
EndGlobal
